// !$*UTF8*$!
{
	archiveVersion = 1;
	classes = {
	};
	objectVersion = 51;
	objects = {

/* Begin PBXBuildFile section */
		4005AF743F1D93AF748ACCD1 /* Pods_RxSwift_WeatherApp.framework in Frameworks */ = {isa = PBXBuildFile; fileRef = 7B6716FE6364737E9EA054A5 /* Pods_RxSwift_WeatherApp.framework */; };
		7D0897AA24D40479005C98BC /* AppDelegate.swift in Sources */ = {isa = PBXBuildFile; fileRef = 7D0897A924D40479005C98BC /* AppDelegate.swift */; };
		7D0897AC24D40479005C98BC /* SceneDelegate.swift in Sources */ = {isa = PBXBuildFile; fileRef = 7D0897AB24D40479005C98BC /* SceneDelegate.swift */; };
		7D0897AE24D40479005C98BC /* ViewController.swift in Sources */ = {isa = PBXBuildFile; fileRef = 7D0897AD24D40479005C98BC /* ViewController.swift */; };
		7D0897B124D40479005C98BC /* Main.storyboard in Resources */ = {isa = PBXBuildFile; fileRef = 7D0897AF24D40479005C98BC /* Main.storyboard */; };
		7D0897B324D4047B005C98BC /* Assets.xcassets in Resources */ = {isa = PBXBuildFile; fileRef = 7D0897B224D4047B005C98BC /* Assets.xcassets */; };
		7D0897B624D4047B005C98BC /* LaunchScreen.storyboard in Resources */ = {isa = PBXBuildFile; fileRef = 7D0897B424D4047B005C98BC /* LaunchScreen.storyboard */; };
		7D0897BF24D410B4005C98BC /* WeatherResult.swift in Sources */ = {isa = PBXBuildFile; fileRef = 7D0897BE24D410B4005C98BC /* WeatherResult.swift */; };
		7D0897C224D4132B005C98BC /* URLRequest+Extensions.swift in Sources */ = {isa = PBXBuildFile; fileRef = 7D0897C124D4132B005C98BC /* URLRequest+Extensions.swift */; };
		7D0897C424D42815005C98BC /* URL+Extensions.swift in Sources */ = {isa = PBXBuildFile; fileRef = 7D0897C324D42815005C98BC /* URL+Extensions.swift */; };
/* End PBXBuildFile section */

/* Begin PBXFileReference section */
		3A3F19367D536DA207C086E1 /* Pods-RxSwift-WeatherApp.release.xcconfig */ = {isa = PBXFileReference; includeInIndex = 1; lastKnownFileType = text.xcconfig; name = "Pods-RxSwift-WeatherApp.release.xcconfig"; path = "Target Support Files/Pods-RxSwift-WeatherApp/Pods-RxSwift-WeatherApp.release.xcconfig"; sourceTree = "<group>"; };
		58A5E85EB39553D737F78589 /* Pods-RxSwift-WeatherApp.debug.xcconfig */ = {isa = PBXFileReference; includeInIndex = 1; lastKnownFileType = text.xcconfig; name = "Pods-RxSwift-WeatherApp.debug.xcconfig"; path = "Target Support Files/Pods-RxSwift-WeatherApp/Pods-RxSwift-WeatherApp.debug.xcconfig"; sourceTree = "<group>"; };
		7B6716FE6364737E9EA054A5 /* Pods_RxSwift_WeatherApp.framework */ = {isa = PBXFileReference; explicitFileType = wrapper.framework; includeInIndex = 0; path = Pods_RxSwift_WeatherApp.framework; sourceTree = BUILT_PRODUCTS_DIR; };
		7D0897A624D40479005C98BC /* RxSwift-WeatherApp.app */ = {isa = PBXFileReference; explicitFileType = wrapper.application; includeInIndex = 0; path = "RxSwift-WeatherApp.app"; sourceTree = BUILT_PRODUCTS_DIR; };
		7D0897A924D40479005C98BC /* AppDelegate.swift */ = {isa = PBXFileReference; lastKnownFileType = sourcecode.swift; path = AppDelegate.swift; sourceTree = "<group>"; };
		7D0897AB24D40479005C98BC /* SceneDelegate.swift */ = {isa = PBXFileReference; lastKnownFileType = sourcecode.swift; path = SceneDelegate.swift; sourceTree = "<group>"; };
		7D0897AD24D40479005C98BC /* ViewController.swift */ = {isa = PBXFileReference; lastKnownFileType = sourcecode.swift; path = ViewController.swift; sourceTree = "<group>"; };
		7D0897B024D40479005C98BC /* Base */ = {isa = PBXFileReference; lastKnownFileType = file.storyboard; name = Base; path = Base.lproj/Main.storyboard; sourceTree = "<group>"; };
		7D0897B224D4047B005C98BC /* Assets.xcassets */ = {isa = PBXFileReference; lastKnownFileType = folder.assetcatalog; path = Assets.xcassets; sourceTree = "<group>"; };
		7D0897B524D4047B005C98BC /* Base */ = {isa = PBXFileReference; lastKnownFileType = file.storyboard; name = Base; path = Base.lproj/LaunchScreen.storyboard; sourceTree = "<group>"; };
		7D0897B724D4047B005C98BC /* Info.plist */ = {isa = PBXFileReference; lastKnownFileType = text.plist.xml; path = Info.plist; sourceTree = "<group>"; };
		7D0897BE24D410B4005C98BC /* WeatherResult.swift */ = {isa = PBXFileReference; lastKnownFileType = sourcecode.swift; path = WeatherResult.swift; sourceTree = "<group>"; };
		7D0897C124D4132B005C98BC /* URLRequest+Extensions.swift */ = {isa = PBXFileReference; lastKnownFileType = sourcecode.swift; path = "URLRequest+Extensions.swift"; sourceTree = "<group>"; };
		7D0897C324D42815005C98BC /* URL+Extensions.swift */ = {isa = PBXFileReference; lastKnownFileType = sourcecode.swift; path = "URL+Extensions.swift"; sourceTree = "<group>"; };
/* End PBXFileReference section */

/* Begin PBXFrameworksBuildPhase section */
		7D0897A324D40479005C98BC /* Frameworks */ = {
			isa = PBXFrameworksBuildPhase;
			buildActionMask = 2147483647;
			files = (
				4005AF743F1D93AF748ACCD1 /* Pods_RxSwift_WeatherApp.framework in Frameworks */,
			);
			runOnlyForDeploymentPostprocessing = 0;
		};
/* End PBXFrameworksBuildPhase section */

/* Begin PBXGroup section */
		7D08979D24D40479005C98BC = {
			isa = PBXGroup;
			children = (
				7D0897A824D40479005C98BC /* RxSwift-WeatherApp */,
				7D0897A724D40479005C98BC /* Products */,
				EC98C9EB6152414831E56663 /* Pods */,
				CD25285037C055FAAAC403D7 /* Frameworks */,
			);
			sourceTree = "<group>";
		};
		7D0897A724D40479005C98BC /* Products */ = {
			isa = PBXGroup;
			children = (
				7D0897A624D40479005C98BC /* RxSwift-WeatherApp.app */,
			);
			name = Products;
			sourceTree = "<group>";
		};
		7D0897A824D40479005C98BC /* RxSwift-WeatherApp */ = {
			isa = PBXGroup;
			children = (
				7D0897C024D41303005C98BC /* Extensions */,
				7D0897BD24D41098005C98BC /* Models */,
				7D0897A924D40479005C98BC /* AppDelegate.swift */,
				7D0897AB24D40479005C98BC /* SceneDelegate.swift */,
				7D0897AD24D40479005C98BC /* ViewController.swift */,
				7D0897AF24D40479005C98BC /* Main.storyboard */,
				7D0897B224D4047B005C98BC /* Assets.xcassets */,
				7D0897B424D4047B005C98BC /* LaunchScreen.storyboard */,
				7D0897B724D4047B005C98BC /* Info.plist */,
			);
			path = "RxSwift-WeatherApp";
			sourceTree = "<group>";
		};
		7D0897BD24D41098005C98BC /* Models */ = {
			isa = PBXGroup;
			children = (
				7D0897BE24D410B4005C98BC /* WeatherResult.swift */,
			);
			path = Models;
			sourceTree = "<group>";
		};
		7D0897C024D41303005C98BC /* Extensions */ = {
			isa = PBXGroup;
			children = (
				7D0897C124D4132B005C98BC /* URLRequest+Extensions.swift */,
				7D0897C324D42815005C98BC /* URL+Extensions.swift */,
			);
			path = Extensions;
			sourceTree = "<group>";
		};
		CD25285037C055FAAAC403D7 /* Frameworks */ = {
			isa = PBXGroup;
			children = (
				7B6716FE6364737E9EA054A5 /* Pods_RxSwift_WeatherApp.framework */,
			);
			name = Frameworks;
			sourceTree = "<group>";
		};
		EC98C9EB6152414831E56663 /* Pods */ = {
			isa = PBXGroup;
			children = (
				58A5E85EB39553D737F78589 /* Pods-RxSwift-WeatherApp.debug.xcconfig */,
				3A3F19367D536DA207C086E1 /* Pods-RxSwift-WeatherApp.release.xcconfig */,
			);
			path = Pods;
			sourceTree = "<group>";
		};
/* End PBXGroup section */

/* Begin PBXNativeTarget section */
		7D0897A524D40479005C98BC /* RxSwift-WeatherApp */ = {
			isa = PBXNativeTarget;
			buildConfigurationList = 7D0897BA24D4047B005C98BC /* Build configuration list for PBXNativeTarget "RxSwift-WeatherApp" */;
			buildPhases = (
				29D228230290D2634D3DD922 /* [CP] Check Pods Manifest.lock */,
				7D0897A224D40479005C98BC /* Sources */,
				7D0897A324D40479005C98BC /* Frameworks */,
				7D0897A424D40479005C98BC /* Resources */,
				14C62D8ABB572CEC3DC07B1A /* [CP] Embed Pods Frameworks */,
			);
			buildRules = (
			);
			dependencies = (
			);
			name = "RxSwift-WeatherApp";
			productName = "RxSwift-WeatherApp";
			productReference = 7D0897A624D40479005C98BC /* RxSwift-WeatherApp.app */;
			productType = "com.apple.product-type.application";
		};
/* End PBXNativeTarget section */

/* Begin PBXProject section */
		7D08979E24D40479005C98BC /* Project object */ = {
			isa = PBXProject;
			attributes = {
				LastSwiftUpdateCheck = 1160;
				LastUpgradeCheck = 1160;
				ORGANIZATIONNAME = Waageweb;
				TargetAttributes = {
					7D0897A524D40479005C98BC = {
						CreatedOnToolsVersion = 11.6;
					};
				};
			};
			buildConfigurationList = 7D0897A124D40479005C98BC /* Build configuration list for PBXProject "RxSwift-WeatherApp" */;
			compatibilityVersion = "Xcode 9.3";
			developmentRegion = en;
			hasScannedForEncodings = 0;
			knownRegions = (
				en,
				Base,
			);
			mainGroup = 7D08979D24D40479005C98BC;
			productRefGroup = 7D0897A724D40479005C98BC /* Products */;
			projectDirPath = "";
			projectRoot = "";
			targets = (
				7D0897A524D40479005C98BC /* RxSwift-WeatherApp */,
			);
		};
/* End PBXProject section */

/* Begin PBXResourcesBuildPhase section */
		7D0897A424D40479005C98BC /* Resources */ = {
			isa = PBXResourcesBuildPhase;
			buildActionMask = 2147483647;
			files = (
				7D0897B624D4047B005C98BC /* LaunchScreen.storyboard in Resources */,
				7D0897B324D4047B005C98BC /* Assets.xcassets in Resources */,
				7D0897B124D40479005C98BC /* Main.storyboard in Resources */,
			);
			runOnlyForDeploymentPostprocessing = 0;
		};
/* End PBXResourcesBuildPhase section */

/* Begin PBXShellScriptBuildPhase section */
		14C62D8ABB572CEC3DC07B1A /* [CP] Embed Pods Frameworks */ = {
			isa = PBXShellScriptBuildPhase;
			buildActionMask = 2147483647;
			files = (
			);
			inputFileListPaths = (
				"${PODS_ROOT}/Target Support Files/Pods-RxSwift-WeatherApp/Pods-RxSwift-WeatherApp-frameworks-${CONFIGURATION}-input-files.xcfilelist",
			);
			name = "[CP] Embed Pods Frameworks";
			outputFileListPaths = (
				"${PODS_ROOT}/Target Support Files/Pods-RxSwift-WeatherApp/Pods-RxSwift-WeatherApp-frameworks-${CONFIGURATION}-output-files.xcfilelist",
			);
			runOnlyForDeploymentPostprocessing = 0;
			shellPath = /bin/sh;
			shellScript = "\"${PODS_ROOT}/Target Support Files/Pods-RxSwift-WeatherApp/Pods-RxSwift-WeatherApp-frameworks.sh\"\n";
			showEnvVarsInLog = 0;
		};
		29D228230290D2634D3DD922 /* [CP] Check Pods Manifest.lock */ = {
			isa = PBXShellScriptBuildPhase;
			buildActionMask = 2147483647;
			files = (
			);
			inputFileListPaths = (
			);
			inputPaths = (
				"${PODS_PODFILE_DIR_PATH}/Podfile.lock",
				"${PODS_ROOT}/Manifest.lock",
			);
			name = "[CP] Check Pods Manifest.lock";
			outputFileListPaths = (
			);
			outputPaths = (
				"$(DERIVED_FILE_DIR)/Pods-RxSwift-WeatherApp-checkManifestLockResult.txt",
			);
			runOnlyForDeploymentPostprocessing = 0;
			shellPath = /bin/sh;
			shellScript = "diff \"${PODS_PODFILE_DIR_PATH}/Podfile.lock\" \"${PODS_ROOT}/Manifest.lock\" > /dev/null\nif [ $? != 0 ] ; then\n    # print error to STDERR\n    echo \"error: The sandbox is not in sync with the Podfile.lock. Run 'pod install' or update your CocoaPods installation.\" >&2\n    exit 1\nfi\n# This output is used by Xcode 'outputs' to avoid re-running this script phase.\necho \"SUCCESS\" > \"${SCRIPT_OUTPUT_FILE_0}\"\n";
			showEnvVarsInLog = 0;
		};
/* End PBXShellScriptBuildPhase section */

/* Begin PBXSourcesBuildPhase section */
		7D0897A224D40479005C98BC /* Sources */ = {
			isa = PBXSourcesBuildPhase;
			buildActionMask = 2147483647;
			files = (
				7D0897AE24D40479005C98BC /* ViewController.swift in Sources */,
				7D0897C424D42815005C98BC /* URL+Extensions.swift in Sources */,
				7D0897BF24D410B4005C98BC /* WeatherResult.swift in Sources */,
				7D0897AA24D40479005C98BC /* AppDelegate.swift in Sources */,
				7D0897C224D4132B005C98BC /* URLRequest+Extensions.swift in Sources */,
				7D0897AC24D40479005C98BC /* SceneDelegate.swift in Sources */,
			);
			runOnlyForDeploymentPostprocessing = 0;
		};
/* End PBXSourcesBuildPhase section */

/* Begin PBXVariantGroup section */
		7D0897AF24D40479005C98BC /* Main.storyboard */ = {
			isa = PBXVariantGroup;
			children = (
				7D0897B024D40479005C98BC /* Base */,
			);
			name = Main.storyboard;
			sourceTree = "<group>";
		};
		7D0897B424D4047B005C98BC /* LaunchScreen.storyboard */ = {
			isa = PBXVariantGroup;
			children = (
				7D0897B524D4047B005C98BC /* Base */,
			);
			name = LaunchScreen.storyboard;
			sourceTree = "<group>";
		};
/* End PBXVariantGroup section */

/* Begin XCBuildConfiguration section */
		7D0897B824D4047B005C98BC /* Debug */ = {
			isa = XCBuildConfiguration;
			buildSettings = {
				ALWAYS_SEARCH_USER_PATHS = NO;
				CLANG_ANALYZER_NONNULL = YES;
				CLANG_ANALYZER_NUMBER_OBJECT_CONVERSION = YES_AGGRESSIVE;
				CLANG_CXX_LANGUAGE_STANDARD = "gnu++14";
				CLANG_CXX_LIBRARY = "libc++";
				CLANG_ENABLE_MODULES = YES;
				CLANG_ENABLE_OBJC_ARC = YES;
				CLANG_ENABLE_OBJC_WEAK = YES;
				CLANG_WARN_BLOCK_CAPTURE_AUTORELEASING = YES;
				CLANG_WARN_BOOL_CONVERSION = YES;
				CLANG_WARN_COMMA = YES;
				CLANG_WARN_CONSTANT_CONVERSION = YES;
				CLANG_WARN_DEPRECATED_OBJC_IMPLEMENTATIONS = YES;
				CLANG_WARN_DIRECT_OBJC_ISA_USAGE = YES_ERROR;
				CLANG_WARN_DOCUMENTATION_COMMENTS = YES;
				CLANG_WARN_EMPTY_BODY = YES;
				CLANG_WARN_ENUM_CONVERSION = YES;
				CLANG_WARN_INFINITE_RECURSION = YES;
				CLANG_WARN_INT_CONVERSION = YES;
				CLANG_WARN_NON_LITERAL_NULL_CONVERSION = YES;
				CLANG_WARN_OBJC_IMPLICIT_RETAIN_SELF = YES;
				CLANG_WARN_OBJC_LITERAL_CONVERSION = YES;
				CLANG_WARN_OBJC_ROOT_CLASS = YES_ERROR;
				CLANG_WARN_RANGE_LOOP_ANALYSIS = YES;
				CLANG_WARN_STRICT_PROTOTYPES = YES;
				CLANG_WARN_SUSPICIOUS_MOVE = YES;
				CLANG_WARN_UNGUARDED_AVAILABILITY = YES_AGGRESSIVE;
				CLANG_WARN_UNREACHABLE_CODE = YES;
				CLANG_WARN__DUPLICATE_METHOD_MATCH = YES;
				COPY_PHASE_STRIP = NO;
				DEBUG_INFORMATION_FORMAT = dwarf;
				ENABLE_STRICT_OBJC_MSGSEND = YES;
				ENABLE_TESTABILITY = YES;
				GCC_C_LANGUAGE_STANDARD = gnu11;
				GCC_DYNAMIC_NO_PIC = NO;
				GCC_NO_COMMON_BLOCKS = YES;
				GCC_OPTIMIZATION_LEVEL = 0;
				GCC_PREPROCESSOR_DEFINITIONS = (
					"DEBUG=1",
					"$(inherited)",
				);
				GCC_WARN_64_TO_32_BIT_CONVERSION = YES;
				GCC_WARN_ABOUT_RETURN_TYPE = YES_ERROR;
				GCC_WARN_UNDECLARED_SELECTOR = YES;
				GCC_WARN_UNINITIALIZED_AUTOS = YES_AGGRESSIVE;
				GCC_WARN_UNUSED_FUNCTION = YES;
				GCC_WARN_UNUSED_VARIABLE = YES;
				IPHONEOS_DEPLOYMENT_TARGET = 13.6;
				MTL_ENABLE_DEBUG_INFO = INCLUDE_SOURCE;
				MTL_FAST_MATH = YES;
				ONLY_ACTIVE_ARCH = YES;
				SDKROOT = iphoneos;
				SWIFT_ACTIVE_COMPILATION_CONDITIONS = DEBUG;
				SWIFT_OPTIMIZATION_LEVEL = "-Onone";
			};
			name = Debug;
		};
		7D0897B924D4047B005C98BC /* Release */ = {
			isa = XCBuildConfiguration;
			buildSettings = {
				ALWAYS_SEARCH_USER_PATHS = NO;
				CLANG_ANALYZER_NONNULL = YES;
				CLANG_ANALYZER_NUMBER_OBJECT_CONVERSION = YES_AGGRESSIVE;
				CLANG_CXX_LANGUAGE_STANDARD = "gnu++14";
				CLANG_CXX_LIBRARY = "libc++";
				CLANG_ENABLE_MODULES = YES;
				CLANG_ENABLE_OBJC_ARC = YES;
				CLANG_ENABLE_OBJC_WEAK = YES;
				CLANG_WARN_BLOCK_CAPTURE_AUTORELEASING = YES;
				CLANG_WARN_BOOL_CONVERSION = YES;
				CLANG_WARN_COMMA = YES;
				CLANG_WARN_CONSTANT_CONVERSION = YES;
				CLANG_WARN_DEPRECATED_OBJC_IMPLEMENTATIONS = YES;
				CLANG_WARN_DIRECT_OBJC_ISA_USAGE = YES_ERROR;
				CLANG_WARN_DOCUMENTATION_COMMENTS = YES;
				CLANG_WARN_EMPTY_BODY = YES;
				CLANG_WARN_ENUM_CONVERSION = YES;
				CLANG_WARN_INFINITE_RECURSION = YES;
				CLANG_WARN_INT_CONVERSION = YES;
				CLANG_WARN_NON_LITERAL_NULL_CONVERSION = YES;
				CLANG_WARN_OBJC_IMPLICIT_RETAIN_SELF = YES;
				CLANG_WARN_OBJC_LITERAL_CONVERSION = YES;
				CLANG_WARN_OBJC_ROOT_CLASS = YES_ERROR;
				CLANG_WARN_RANGE_LOOP_ANALYSIS = YES;
				CLANG_WARN_STRICT_PROTOTYPES = YES;
				CLANG_WARN_SUSPICIOUS_MOVE = YES;
				CLANG_WARN_UNGUARDED_AVAILABILITY = YES_AGGRESSIVE;
				CLANG_WARN_UNREACHABLE_CODE = YES;
				CLANG_WARN__DUPLICATE_METHOD_MATCH = YES;
				COPY_PHASE_STRIP = NO;
				DEBUG_INFORMATION_FORMAT = "dwarf-with-dsym";
				ENABLE_NS_ASSERTIONS = NO;
				ENABLE_STRICT_OBJC_MSGSEND = YES;
				GCC_C_LANGUAGE_STANDARD = gnu11;
				GCC_NO_COMMON_BLOCKS = YES;
				GCC_WARN_64_TO_32_BIT_CONVERSION = YES;
				GCC_WARN_ABOUT_RETURN_TYPE = YES_ERROR;
				GCC_WARN_UNDECLARED_SELECTOR = YES;
				GCC_WARN_UNINITIALIZED_AUTOS = YES_AGGRESSIVE;
				GCC_WARN_UNUSED_FUNCTION = YES;
				GCC_WARN_UNUSED_VARIABLE = YES;
				IPHONEOS_DEPLOYMENT_TARGET = 13.6;
				MTL_ENABLE_DEBUG_INFO = NO;
				MTL_FAST_MATH = YES;
				SDKROOT = iphoneos;
				SWIFT_COMPILATION_MODE = wholemodule;
				SWIFT_OPTIMIZATION_LEVEL = "-O";
				VALIDATE_PRODUCT = YES;
			};
			name = Release;
		};
		7D0897BB24D4047B005C98BC /* Debug */ = {
			isa = XCBuildConfiguration;
			baseConfigurationReference = 58A5E85EB39553D737F78589 /* Pods-RxSwift-WeatherApp.debug.xcconfig */;
			buildSettings = {
				ASSETCATALOG_COMPILER_APPICON_NAME = AppIcon;
				CODE_SIGN_STYLE = Automatic;
				INFOPLIST_FILE = "RxSwift-WeatherApp/Info.plist";
				LD_RUNPATH_SEARCH_PATHS = (
					"$(inherited)",
					"@executable_path/Frameworks",
				);
				PRODUCT_BUNDLE_IDENTIFIER = "com.waageweb.RxSwift-WeatherApp";
				PRODUCT_NAME = "$(TARGET_NAME)";
				SWIFT_VERSION = 5.0;
				TARGETED_DEVICE_FAMILY = "1,2";
			};
			name = Debug;
		};
		7D0897BC24D4047B005C98BC /* Release */ = {
			isa = XCBuildConfiguration;
			baseConfigurationReference = 3A3F19367D536DA207C086E1 /* Pods-RxSwift-WeatherApp.release.xcconfig */;
			buildSettings = {
				ASSETCATALOG_COMPILER_APPICON_NAME = AppIcon;
				CODE_SIGN_STYLE = Automatic;
				INFOPLIST_FILE = "RxSwift-WeatherApp/Info.plist";
				LD_RUNPATH_SEARCH_PATHS = (
					"$(inherited)",
					"@executable_path/Frameworks",
				);
				PRODUCT_BUNDLE_IDENTIFIER = "com.waageweb.RxSwift-WeatherApp";
				PRODUCT_NAME = "$(TARGET_NAME)";
				SWIFT_VERSION = 5.0;
				TARGETED_DEVICE_FAMILY = "1,2";
			};
			name = Release;
		};
/* End XCBuildConfiguration section */

/* Begin XCConfigurationList section */
		7D0897A124D40479005C98BC /* Build configuration list for PBXProject "RxSwift-WeatherApp" */ = {
			isa = XCConfigurationList;
			buildConfigurations = (
				7D0897B824D4047B005C98BC /* Debug */,
				7D0897B924D4047B005C98BC /* Release */,
			);
			defaultConfigurationIsVisible = 0;
			defaultConfigurationName = Release;
		};
		7D0897BA24D4047B005C98BC /* Build configuration list for PBXNativeTarget "RxSwift-WeatherApp" */ = {
			isa = XCConfigurationList;
			buildConfigurations = (
				7D0897BB24D4047B005C98BC /* Debug */,
				7D0897BC24D4047B005C98BC /* Release */,
			);
			defaultConfigurationIsVisible = 0;
			defaultConfigurationName = Release;
		};
/* End XCConfigurationList section */
	};
	rootObject = 7D08979E24D40479005C98BC /* Project object */;
}
